
Microsoft Visual Studio Solution File, Format Version 12.00
# Visual Studio Version 17
VisualStudioVersion = 17.0.31919.166
MinimumVisualStudioVersion = 10.0.40219.1
Project("{9A19103F-16F7-4668-BE54-9A1E7A4F7556}") = "LaunchpadCodeChallenge.API", "LaunchpadCodeChallenge.API\LaunchpadCodeChallenge.API.csproj", "{45349E44-6775-4FD8-BD45-FF531245E488}"
EndProject
Project("{E53339B2-1760-4266-BCC7-CA923CBCF16C}") = "docker-compose", "docker-compose.dcproj", "{2E7E115C-8F3D-4392-BF5E-528FF5DBDA88}"
EndProject
Project("{9A19103F-16F7-4668-BE54-9A1E7A4F7556}") = "ConsoleApp1", "..\ConsoleApp1\ConsoleApp1.csproj", "{EA2583C4-6CEA-4D18-AF8A-7E849E96FDE9}"
EndProject
Project("{9A19103F-16F7-4668-BE54-9A1E7A4F7556}") = "AWSLambda1", "..\AWSLambda1\AWSLambda1.csproj", "{744BD772-9A82-4F2C-99DD-08C34F6411FD}"
EndProject
Global
	GlobalSection(SolutionConfigurationPlatforms) = preSolution
		Debug|Any CPU = Debug|Any CPU
		Release|Any CPU = Release|Any CPU
	EndGlobalSection
	GlobalSection(ProjectConfigurationPlatforms) = postSolution
		{45349E44-6775-4FD8-BD45-FF531245E488}.Debug|Any CPU.ActiveCfg = Debug|Any CPU
		{45349E44-6775-4FD8-BD45-FF531245E488}.Debug|Any CPU.Build.0 = Debug|Any CPU
		{45349E44-6775-4FD8-BD45-FF531245E488}.Release|Any CPU.ActiveCfg = Release|Any CPU
		{45349E44-6775-4FD8-BD45-FF531245E488}.Release|Any CPU.Build.0 = Release|Any CPU
		{2E7E115C-8F3D-4392-BF5E-528FF5DBDA88}.Debug|Any CPU.ActiveCfg = Debug|Any CPU
		{2E7E115C-8F3D-4392-BF5E-528FF5DBDA88}.Debug|Any CPU.Build.0 = Debug|Any CPU
		{2E7E115C-8F3D-4392-BF5E-528FF5DBDA88}.Release|Any CPU.ActiveCfg = Release|Any CPU
		{2E7E115C-8F3D-4392-BF5E-528FF5DBDA88}.Release|Any CPU.Build.0 = Release|Any CPU
		{EA2583C4-6CEA-4D18-AF8A-7E849E96FDE9}.Debug|Any CPU.ActiveCfg = Debug|Any CPU
		{EA2583C4-6CEA-4D18-AF8A-7E849E96FDE9}.Debug|Any CPU.Build.0 = Debug|Any CPU
		{EA2583C4-6CEA-4D18-AF8A-7E849E96FDE9}.Release|Any CPU.ActiveCfg = Release|Any CPU
		{EA2583C4-6CEA-4D18-AF8A-7E849E96FDE9}.Release|Any CPU.Build.0 = Release|Any CPU
		{744BD772-9A82-4F2C-99DD-08C34F6411FD}.Debug|Any CPU.ActiveCfg = Debug|Any CPU
		{744BD772-9A82-4F2C-99DD-08C34F6411FD}.Debug|Any CPU.Build.0 = Debug|Any CPU
		{744BD772-9A82-4F2C-99DD-08C34F6411FD}.Release|Any CPU.ActiveCfg = Release|Any CPU
		{744BD772-9A82-4F2C-99DD-08C34F6411FD}.Release|Any CPU.Build.0 = Release|Any CPU
	EndGlobalSection
	GlobalSection(SolutionProperties) = preSolution
		HideSolutionNode = FALSE
	EndGlobalSection
	GlobalSection(ExtensibilityGlobals) = postSolution
		SolutionGuid = {84E529AC-95E6-4866-9BB9-957AAA300F44}
	EndGlobalSection
EndGlobal
